// !$*UTF8*$!
{
	archiveVersion = 1;
	classes = {
	};
	objectVersion = 56;
	objects = {

/* Begin PBXBuildFile section */
		802694182B9380BF008BB59D /* AppDelegate.swift in Sources */ = {isa = PBXBuildFile; fileRef = 802694172B9380BF008BB59D /* AppDelegate.swift */; };
		8026941A2B9380BF008BB59D /* SceneDelegate.swift in Sources */ = {isa = PBXBuildFile; fileRef = 802694192B9380BF008BB59D /* SceneDelegate.swift */; };
		802694212B9380C1008BB59D /* Assets.xcassets in Resources */ = {isa = PBXBuildFile; fileRef = 802694202B9380C1008BB59D /* Assets.xcassets */; };
		802694242B9380C1008BB59D /* LaunchScreen.storyboard in Resources */ = {isa = PBXBuildFile; fileRef = 802694222B9380C1008BB59D /* LaunchScreen.storyboard */; };
		8026944F2B93887F008BB59D /* AppConfigurationManager.swift in Sources */ = {isa = PBXBuildFile; fileRef = 8026944E2B93887F008BB59D /* AppConfigurationManager.swift */; };
		802694512B939180008BB59D /* NetworkProvider.swift in Sources */ = {isa = PBXBuildFile; fileRef = 802694502B939180008BB59D /* NetworkProvider.swift */; };
		802694542B939203008BB59D /* CacheManager.swift in Sources */ = {isa = PBXBuildFile; fileRef = 802694532B939203008BB59D /* CacheManager.swift */; };
		8026945A2B939D30008BB59D /* DetailModuleBuilder.swift in Sources */ = {isa = PBXBuildFile; fileRef = 802694592B939D30008BB59D /* DetailModuleBuilder.swift */; };
		8026945C2B939DC9008BB59D /* DetailViewController.swift in Sources */ = {isa = PBXBuildFile; fileRef = 8026945B2B939DC9008BB59D /* DetailViewController.swift */; };
		8026945E2B939DD5008BB59D /* DetailPresenter.swift in Sources */ = {isa = PBXBuildFile; fileRef = 8026945D2B939DD5008BB59D /* DetailPresenter.swift */; };
		802694602B939DDC008BB59D /* DetailInteractor.swift in Sources */ = {isa = PBXBuildFile; fileRef = 8026945F2B939DDC008BB59D /* DetailInteractor.swift */; };
		802694622B939DE4008BB59D /* DetailRouter.swift in Sources */ = {isa = PBXBuildFile; fileRef = 802694612B939DE4008BB59D /* DetailRouter.swift */; };
		802694652B93A7D5008BB59D /* CurrentWeatherResponse.swift in Sources */ = {isa = PBXBuildFile; fileRef = 802694642B93A7D5008BB59D /* CurrentWeatherResponse.swift */; };
		802694682B93B513008BB59D /* Loader.swift in Sources */ = {isa = PBXBuildFile; fileRef = 802694672B93B513008BB59D /* Loader.swift */; };
		8026946B2B93B548008BB59D /* UIViewController+Extensions.swift in Sources */ = {isa = PBXBuildFile; fileRef = 8026946A2B93B548008BB59D /* UIViewController+Extensions.swift */; };
		8026946E2B940E31008BB59D /* EmptyStateView.swift in Sources */ = {isa = PBXBuildFile; fileRef = 8026946D2B940E31008BB59D /* EmptyStateView.swift */; };
		802694732B943148008BB59D /* currentWeather.json in Resources */ = {isa = PBXBuildFile; fileRef = 802694722B943148008BB59D /* currentWeather.json */; };
		802694752B94319A008BB59D /* JSONLoader.swift in Sources */ = {isa = PBXBuildFile; fileRef = 802694742B94319A008BB59D /* JSONLoader.swift */; };
		802694782B948833008BB59D /* DetailModuleBuilderStub.swift in Sources */ = {isa = PBXBuildFile; fileRef = 802694772B948833008BB59D /* DetailModuleBuilderStub.swift */; };
		8026947A2B94889D008BB59D /* DetailInteractorMocks.swift in Sources */ = {isa = PBXBuildFile; fileRef = 802694792B94889D008BB59D /* DetailInteractorMocks.swift */; };
		8026947C2B948C3E008BB59D /* DetailPresenterMocks.swift in Sources */ = {isa = PBXBuildFile; fileRef = 8026947B2B948C3E008BB59D /* DetailPresenterMocks.swift */; };
		8026947E2B948CCC008BB59D /* DetailViewMocks.swift in Sources */ = {isa = PBXBuildFile; fileRef = 8026947D2B948CCC008BB59D /* DetailViewMocks.swift */; };
		802694802B948D90008BB59D /* NetworkProviderStub.swift in Sources */ = {isa = PBXBuildFile; fileRef = 8026947F2B948D90008BB59D /* NetworkProviderStub.swift */; };
		802694852B94919F008BB59D /* DetailPresenterTests.swift in Sources */ = {isa = PBXBuildFile; fileRef = 802694842B94919F008BB59D /* DetailPresenterTests.swift */; };
		802694872B94920A008BB59D /* DetailRouterMocks.swift in Sources */ = {isa = PBXBuildFile; fileRef = 802694862B94920A008BB59D /* DetailRouterMocks.swift */; };
		8026948E2B949624008BB59D /* WeatherAppUITests.swift in Sources */ = {isa = PBXBuildFile; fileRef = 8026948D2B949624008BB59D /* WeatherAppUITests.swift */; };
		8026948F2B949877008BB59D /* currentWeather.json in Resources */ = {isa = PBXBuildFile; fileRef = 802694722B943148008BB59D /* currentWeather.json */; };
		802694912B949CD5008BB59D /* DetailInteractorTests.swift in Sources */ = {isa = PBXBuildFile; fileRef = 802694902B949CD5008BB59D /* DetailInteractorTests.swift */; };
		802694952B94A8A4008BB59D /* DetailViewSnapshotTests.swift in Sources */ = {isa = PBXBuildFile; fileRef = 802694942B94A8A4008BB59D /* DetailViewSnapshotTests.swift */; };
		802694982B94A959008BB59D /* InlineSnapshotTesting in Frameworks */ = {isa = PBXBuildFile; productRef = 802694972B94A959008BB59D /* InlineSnapshotTesting */; };
		8026949A2B94A959008BB59D /* SnapshotTesting in Frameworks */ = {isa = PBXBuildFile; productRef = 802694992B94A959008BB59D /* SnapshotTesting */; };
/* End PBXBuildFile section */

/* Begin PBXContainerItemProxy section */
		8026942B2B9380C1008BB59D /* PBXContainerItemProxy */ = {
			isa = PBXContainerItemProxy;
			containerPortal = 8026940C2B9380BF008BB59D /* Project object */;
			proxyType = 1;
			remoteGlobalIDString = 802694132B9380BF008BB59D;
			remoteInfo = WeatherApp;
		};
		802694352B9380C1008BB59D /* PBXContainerItemProxy */ = {
			isa = PBXContainerItemProxy;
			containerPortal = 8026940C2B9380BF008BB59D /* Project object */;
			proxyType = 1;
			remoteGlobalIDString = 802694132B9380BF008BB59D;
			remoteInfo = WeatherApp;
		};
/* End PBXContainerItemProxy section */

/* Begin PBXFileReference section */
		802694142B9380BF008BB59D /* WeatherApp.app */ = {isa = PBXFileReference; explicitFileType = wrapper.application; includeInIndex = 0; path = WeatherApp.app; sourceTree = BUILT_PRODUCTS_DIR; };
		802694172B9380BF008BB59D /* AppDelegate.swift */ = {isa = PBXFileReference; lastKnownFileType = sourcecode.swift; path = AppDelegate.swift; sourceTree = "<group>"; };
		802694192B9380BF008BB59D /* SceneDelegate.swift */ = {isa = PBXFileReference; lastKnownFileType = sourcecode.swift; path = SceneDelegate.swift; sourceTree = "<group>"; };
		802694202B9380C1008BB59D /* Assets.xcassets */ = {isa = PBXFileReference; lastKnownFileType = folder.assetcatalog; path = Assets.xcassets; sourceTree = "<group>"; };
		802694232B9380C1008BB59D /* Base */ = {isa = PBXFileReference; lastKnownFileType = file.storyboard; name = Base; path = Base.lproj/LaunchScreen.storyboard; sourceTree = "<group>"; };
		802694252B9380C1008BB59D /* Info.plist */ = {isa = PBXFileReference; lastKnownFileType = text.plist.xml; path = Info.plist; sourceTree = "<group>"; };
		8026942A2B9380C1008BB59D /* WeatherAppTests.xctest */ = {isa = PBXFileReference; explicitFileType = wrapper.cfbundle; includeInIndex = 0; path = WeatherAppTests.xctest; sourceTree = BUILT_PRODUCTS_DIR; };
		802694342B9380C1008BB59D /* WeatherAppUITests.xctest */ = {isa = PBXFileReference; explicitFileType = wrapper.cfbundle; includeInIndex = 0; path = WeatherAppUITests.xctest; sourceTree = BUILT_PRODUCTS_DIR; };
		8026944C2B938832008BB59D /* Secrets.xcconfig */ = {isa = PBXFileReference; lastKnownFileType = text.xcconfig; path = Secrets.xcconfig; sourceTree = "<group>"; };
		8026944E2B93887F008BB59D /* AppConfigurationManager.swift */ = {isa = PBXFileReference; lastKnownFileType = sourcecode.swift; path = AppConfigurationManager.swift; sourceTree = "<group>"; };
		802694502B939180008BB59D /* NetworkProvider.swift */ = {isa = PBXFileReference; lastKnownFileType = sourcecode.swift; path = NetworkProvider.swift; sourceTree = "<group>"; };
		802694532B939203008BB59D /* CacheManager.swift */ = {isa = PBXFileReference; lastKnownFileType = sourcecode.swift; path = CacheManager.swift; sourceTree = "<group>"; };
		802694592B939D30008BB59D /* DetailModuleBuilder.swift */ = {isa = PBXFileReference; lastKnownFileType = sourcecode.swift; path = DetailModuleBuilder.swift; sourceTree = "<group>"; };
		8026945B2B939DC9008BB59D /* DetailViewController.swift */ = {isa = PBXFileReference; lastKnownFileType = sourcecode.swift; path = DetailViewController.swift; sourceTree = "<group>"; };
		8026945D2B939DD5008BB59D /* DetailPresenter.swift */ = {isa = PBXFileReference; lastKnownFileType = sourcecode.swift; path = DetailPresenter.swift; sourceTree = "<group>"; };
		8026945F2B939DDC008BB59D /* DetailInteractor.swift */ = {isa = PBXFileReference; lastKnownFileType = sourcecode.swift; path = DetailInteractor.swift; sourceTree = "<group>"; };
		802694612B939DE4008BB59D /* DetailRouter.swift */ = {isa = PBXFileReference; lastKnownFileType = sourcecode.swift; path = DetailRouter.swift; sourceTree = "<group>"; };
		802694642B93A7D5008BB59D /* CurrentWeatherResponse.swift */ = {isa = PBXFileReference; lastKnownFileType = sourcecode.swift; path = CurrentWeatherResponse.swift; sourceTree = "<group>"; };
		802694672B93B513008BB59D /* Loader.swift */ = {isa = PBXFileReference; lastKnownFileType = sourcecode.swift; path = Loader.swift; sourceTree = "<group>"; };
		8026946A2B93B548008BB59D /* UIViewController+Extensions.swift */ = {isa = PBXFileReference; lastKnownFileType = sourcecode.swift; path = "UIViewController+Extensions.swift"; sourceTree = "<group>"; };
		8026946D2B940E31008BB59D /* EmptyStateView.swift */ = {isa = PBXFileReference; lastKnownFileType = sourcecode.swift; path = EmptyStateView.swift; sourceTree = "<group>"; };
		802694722B943148008BB59D /* currentWeather.json */ = {isa = PBXFileReference; fileEncoding = 4; lastKnownFileType = text.json; path = currentWeather.json; sourceTree = "<group>"; };
		802694742B94319A008BB59D /* JSONLoader.swift */ = {isa = PBXFileReference; lastKnownFileType = sourcecode.swift; path = JSONLoader.swift; sourceTree = "<group>"; };
		802694772B948833008BB59D /* DetailModuleBuilderStub.swift */ = {isa = PBXFileReference; lastKnownFileType = sourcecode.swift; path = DetailModuleBuilderStub.swift; sourceTree = "<group>"; };
		802694792B94889D008BB59D /* DetailInteractorMocks.swift */ = {isa = PBXFileReference; lastKnownFileType = sourcecode.swift; path = DetailInteractorMocks.swift; sourceTree = "<group>"; };
		8026947B2B948C3E008BB59D /* DetailPresenterMocks.swift */ = {isa = PBXFileReference; lastKnownFileType = sourcecode.swift; path = DetailPresenterMocks.swift; sourceTree = "<group>"; };
		8026947D2B948CCC008BB59D /* DetailViewMocks.swift */ = {isa = PBXFileReference; lastKnownFileType = sourcecode.swift; path = DetailViewMocks.swift; sourceTree = "<group>"; };
		8026947F2B948D90008BB59D /* NetworkProviderStub.swift */ = {isa = PBXFileReference; lastKnownFileType = sourcecode.swift; path = NetworkProviderStub.swift; sourceTree = "<group>"; };
		802694842B94919F008BB59D /* DetailPresenterTests.swift */ = {isa = PBXFileReference; lastKnownFileType = sourcecode.swift; path = DetailPresenterTests.swift; sourceTree = "<group>"; };
		802694862B94920A008BB59D /* DetailRouterMocks.swift */ = {isa = PBXFileReference; lastKnownFileType = sourcecode.swift; path = DetailRouterMocks.swift; sourceTree = "<group>"; };
		8026948D2B949624008BB59D /* WeatherAppUITests.swift */ = {isa = PBXFileReference; lastKnownFileType = sourcecode.swift; path = WeatherAppUITests.swift; sourceTree = "<group>"; };
		802694902B949CD5008BB59D /* DetailInteractorTests.swift */ = {isa = PBXFileReference; lastKnownFileType = sourcecode.swift; path = DetailInteractorTests.swift; sourceTree = "<group>"; };
		802694942B94A8A4008BB59D /* DetailViewSnapshotTests.swift */ = {isa = PBXFileReference; lastKnownFileType = sourcecode.swift; path = DetailViewSnapshotTests.swift; sourceTree = "<group>"; };
/* End PBXFileReference section */

/* Begin PBXFrameworksBuildPhase section */
		802694112B9380BF008BB59D /* Frameworks */ = {
			isa = PBXFrameworksBuildPhase;
			buildActionMask = 2147483647;
			files = (
			);
			runOnlyForDeploymentPostprocessing = 0;
		};
		802694272B9380C1008BB59D /* Frameworks */ = {
			isa = PBXFrameworksBuildPhase;
			buildActionMask = 2147483647;
			files = (
				802694982B94A959008BB59D /* InlineSnapshotTesting in Frameworks */,
				8026949A2B94A959008BB59D /* SnapshotTesting in Frameworks */,
			);
			runOnlyForDeploymentPostprocessing = 0;
		};
		802694312B9380C1008BB59D /* Frameworks */ = {
			isa = PBXFrameworksBuildPhase;
			buildActionMask = 2147483647;
			files = (
			);
			runOnlyForDeploymentPostprocessing = 0;
		};
/* End PBXFrameworksBuildPhase section */

/* Begin PBXGroup section */
		8026940B2B9380BF008BB59D = {
			isa = PBXGroup;
			children = (
				8026944C2B938832008BB59D /* Secrets.xcconfig */,
				802694162B9380BF008BB59D /* WeatherApp */,
				8026942D2B9380C1008BB59D /* WeatherAppTests */,
				8026948C2B949601008BB59D /* WeatherAppUITests */,
				802694152B9380BF008BB59D /* Products */,
			);
			sourceTree = "<group>";
		};
		802694152B9380BF008BB59D /* Products */ = {
			isa = PBXGroup;
			children = (
				802694142B9380BF008BB59D /* WeatherApp.app */,
				8026942A2B9380C1008BB59D /* WeatherAppTests.xctest */,
				802694342B9380C1008BB59D /* WeatherAppUITests.xctest */,
			);
			name = Products;
			sourceTree = "<group>";
		};
		802694162B9380BF008BB59D /* WeatherApp */ = {
			isa = PBXGroup;
			children = (
				802694172B9380BF008BB59D /* AppDelegate.swift */,
				802694192B9380BF008BB59D /* SceneDelegate.swift */,
				802694252B9380C1008BB59D /* Info.plist */,
				8026944A2B9381BD008BB59D /* Modules */,
				802694492B9381B7008BB59D /* Resources */,
				802694482B9381B5008BB59D /* Common */,
				802694472B9381B2008BB59D /* Provider */,
				802694632B93A768008BB59D /* Models */,
			);
			path = WeatherApp;
			sourceTree = "<group>";
		};
		8026942D2B9380C1008BB59D /* WeatherAppTests */ = {
			isa = PBXGroup;
			children = (
				802694702B943133008BB59D /* Mocks */,
				8026946F2B94311B008BB59D /* Tests */,
				802694742B94319A008BB59D /* JSONLoader.swift */,
			);
			path = WeatherAppTests;
			sourceTree = "<group>";
		};
		802694472B9381B2008BB59D /* Provider */ = {
			isa = PBXGroup;
			children = (
				802694502B939180008BB59D /* NetworkProvider.swift */,
			);
			path = Provider;
			sourceTree = "<group>";
		};
		802694482B9381B5008BB59D /* Common */ = {
			isa = PBXGroup;
			children = (
				8026946C2B940E20008BB59D /* EmptyStateView */,
				802694692B93B537008BB59D /* Utils+Extensions */,
				802694662B93B50C008BB59D /* Loader */,
				802694522B9391FC008BB59D /* CacheManager */,
				8026944D2B938872008BB59D /* AppConfigurationManager */,
			);
			path = Common;
			sourceTree = "<group>";
		};
		802694492B9381B7008BB59D /* Resources */ = {
			isa = PBXGroup;
			children = (
				802694202B9380C1008BB59D /* Assets.xcassets */,
				802694222B9380C1008BB59D /* LaunchScreen.storyboard */,
			);
			path = Resources;
			sourceTree = "<group>";
		};
		8026944A2B9381BD008BB59D /* Modules */ = {
			isa = PBXGroup;
			children = (
				8026944B2B9381EF008BB59D /* Detail */,
			);
			path = Modules;
			sourceTree = "<group>";
		};
		8026944B2B9381EF008BB59D /* Detail */ = {
			isa = PBXGroup;
			children = (
				802694592B939D30008BB59D /* DetailModuleBuilder.swift */,
				802694582B939D1E008BB59D /* Router */,
				802694572B939D1B008BB59D /* Interactor */,
				802694562B939D18008BB59D /* Presenter */,
				802694552B939D14008BB59D /* View */,
			);
			path = Detail;
			sourceTree = "<group>";
		};
		8026944D2B938872008BB59D /* AppConfigurationManager */ = {
			isa = PBXGroup;
			children = (
				8026944E2B93887F008BB59D /* AppConfigurationManager.swift */,
			);
			path = AppConfigurationManager;
			sourceTree = "<group>";
		};
		802694522B9391FC008BB59D /* CacheManager */ = {
			isa = PBXGroup;
			children = (
				802694532B939203008BB59D /* CacheManager.swift */,
			);
			path = CacheManager;
			sourceTree = "<group>";
		};
		802694552B939D14008BB59D /* View */ = {
			isa = PBXGroup;
			children = (
				8026945B2B939DC9008BB59D /* DetailViewController.swift */,
			);
			path = View;
			sourceTree = "<group>";
		};
		802694562B939D18008BB59D /* Presenter */ = {
			isa = PBXGroup;
			children = (
				8026945D2B939DD5008BB59D /* DetailPresenter.swift */,
			);
			path = Presenter;
			sourceTree = "<group>";
		};
		802694572B939D1B008BB59D /* Interactor */ = {
			isa = PBXGroup;
			children = (
				8026945F2B939DDC008BB59D /* DetailInteractor.swift */,
			);
			path = Interactor;
			sourceTree = "<group>";
		};
		802694582B939D1E008BB59D /* Router */ = {
			isa = PBXGroup;
			children = (
				802694612B939DE4008BB59D /* DetailRouter.swift */,
			);
			path = Router;
			sourceTree = "<group>";
		};
		802694632B93A768008BB59D /* Models */ = {
			isa = PBXGroup;
			children = (
				802694642B93A7D5008BB59D /* CurrentWeatherResponse.swift */,
			);
			path = Models;
			sourceTree = "<group>";
		};
		802694662B93B50C008BB59D /* Loader */ = {
			isa = PBXGroup;
			children = (
				802694672B93B513008BB59D /* Loader.swift */,
			);
			path = Loader;
			sourceTree = "<group>";
		};
		802694692B93B537008BB59D /* Utils+Extensions */ = {
			isa = PBXGroup;
			children = (
				8026946A2B93B548008BB59D /* UIViewController+Extensions.swift */,
			);
			path = "Utils+Extensions";
			sourceTree = "<group>";
		};
		8026946C2B940E20008BB59D /* EmptyStateView */ = {
			isa = PBXGroup;
			children = (
				8026946D2B940E31008BB59D /* EmptyStateView.swift */,
			);
			path = EmptyStateView;
			sourceTree = "<group>";
		};
		8026946F2B94311B008BB59D /* Tests */ = {
			isa = PBXGroup;
			children = (
				802694922B94A882008BB59D /* SnapshotTests */,
				802694812B949166008BB59D /* UnitTests */,
			);
			path = Tests;
			sourceTree = "<group>";
		};
		802694702B943133008BB59D /* Mocks */ = {
			isa = PBXGroup;
			children = (
				802694762B94881D008BB59D /* Detail */,
				802694712B94313B008BB59D /* MockedResponses */,
				8026947F2B948D90008BB59D /* NetworkProviderStub.swift */,
			);
			path = Mocks;
			sourceTree = "<group>";
		};
		802694712B94313B008BB59D /* MockedResponses */ = {
			isa = PBXGroup;
			children = (
				802694722B943148008BB59D /* currentWeather.json */,
			);
			path = MockedResponses;
			sourceTree = "<group>";
		};
		802694762B94881D008BB59D /* Detail */ = {
			isa = PBXGroup;
			children = (
				802694772B948833008BB59D /* DetailModuleBuilderStub.swift */,
				802694792B94889D008BB59D /* DetailInteractorMocks.swift */,
				8026947B2B948C3E008BB59D /* DetailPresenterMocks.swift */,
				8026947D2B948CCC008BB59D /* DetailViewMocks.swift */,
				802694862B94920A008BB59D /* DetailRouterMocks.swift */,
			);
			path = Detail;
			sourceTree = "<group>";
		};
		802694812B949166008BB59D /* UnitTests */ = {
			isa = PBXGroup;
			children = (
				802694842B94919F008BB59D /* DetailPresenterTests.swift */,
				802694902B949CD5008BB59D /* DetailInteractorTests.swift */,
			);
			path = UnitTests;
			sourceTree = "<group>";
		};
		8026948C2B949601008BB59D /* WeatherAppUITests */ = {
			isa = PBXGroup;
			children = (
				8026948D2B949624008BB59D /* WeatherAppUITests.swift */,
			);
			path = WeatherAppUITests;
			sourceTree = "<group>";
		};
		802694922B94A882008BB59D /* SnapshotTests */ = {
			isa = PBXGroup;
			children = (
				802694932B94A888008BB59D /* Detail */,
			);
			path = SnapshotTests;
			sourceTree = "<group>";
		};
		802694932B94A888008BB59D /* Detail */ = {
			isa = PBXGroup;
			children = (
				802694942B94A8A4008BB59D /* DetailViewSnapshotTests.swift */,
			);
			path = Detail;
			sourceTree = "<group>";
		};
/* End PBXGroup section */

/* Begin PBXNativeTarget section */
		802694132B9380BF008BB59D /* WeatherApp */ = {
			isa = PBXNativeTarget;
			buildConfigurationList = 8026943E2B9380C1008BB59D /* Build configuration list for PBXNativeTarget "WeatherApp" */;
			buildPhases = (
				802694102B9380BF008BB59D /* Sources */,
				802694112B9380BF008BB59D /* Frameworks */,
				802694122B9380BF008BB59D /* Resources */,
			);
			buildRules = (
			);
			dependencies = (
			);
			name = WeatherApp;
			productName = WeatherApp;
			productReference = 802694142B9380BF008BB59D /* WeatherApp.app */;
			productType = "com.apple.product-type.application";
		};
		802694292B9380C1008BB59D /* WeatherAppTests */ = {
			isa = PBXNativeTarget;
			buildConfigurationList = 802694412B9380C1008BB59D /* Build configuration list for PBXNativeTarget "WeatherAppTests" */;
			buildPhases = (
				802694262B9380C1008BB59D /* Sources */,
				802694272B9380C1008BB59D /* Frameworks */,
				802694282B9380C1008BB59D /* Resources */,
			);
			buildRules = (
			);
			dependencies = (
				8026942C2B9380C1008BB59D /* PBXTargetDependency */,
			);
			name = WeatherAppTests;
			packageProductDependencies = (
				802694972B94A959008BB59D /* InlineSnapshotTesting */,
				802694992B94A959008BB59D /* SnapshotTesting */,
			);
			productName = WeatherAppTests;
			productReference = 8026942A2B9380C1008BB59D /* WeatherAppTests.xctest */;
			productType = "com.apple.product-type.bundle.unit-test";
		};
		802694332B9380C1008BB59D /* WeatherAppUITests */ = {
			isa = PBXNativeTarget;
			buildConfigurationList = 802694442B9380C1008BB59D /* Build configuration list for PBXNativeTarget "WeatherAppUITests" */;
			buildPhases = (
				802694302B9380C1008BB59D /* Sources */,
				802694312B9380C1008BB59D /* Frameworks */,
				802694322B9380C1008BB59D /* Resources */,
			);
			buildRules = (
			);
			dependencies = (
				802694362B9380C1008BB59D /* PBXTargetDependency */,
			);
			name = WeatherAppUITests;
			productName = WeatherAppUITests;
			productReference = 802694342B9380C1008BB59D /* WeatherAppUITests.xctest */;
			productType = "com.apple.product-type.bundle.ui-testing";
		};
/* End PBXNativeTarget section */

/* Begin PBXProject section */
		8026940C2B9380BF008BB59D /* Project object */ = {
			isa = PBXProject;
			attributes = {
				BuildIndependentTargetsInParallel = 1;
				LastSwiftUpdateCheck = 1510;
				LastUpgradeCheck = 1510;
				TargetAttributes = {
					802694132B9380BF008BB59D = {
						CreatedOnToolsVersion = 15.1;
					};
					802694292B9380C1008BB59D = {
						CreatedOnToolsVersion = 15.1;
						LastSwiftMigration = 1510;
						TestTargetID = 802694132B9380BF008BB59D;
					};
					802694332B9380C1008BB59D = {
						CreatedOnToolsVersion = 15.1;
						LastSwiftMigration = 1510;
						TestTargetID = 802694132B9380BF008BB59D;
					};
				};
			};
			buildConfigurationList = 8026940F2B9380BF008BB59D /* Build configuration list for PBXProject "WeatherApp" */;
			compatibilityVersion = "Xcode 14.0";
			developmentRegion = en;
			hasScannedForEncodings = 0;
			knownRegions = (
				en,
				Base,
			);
			mainGroup = 8026940B2B9380BF008BB59D;
			packageReferences = (
				802694962B94A959008BB59D /* XCRemoteSwiftPackageReference "swift-snapshot-testing" */,
			);
			productRefGroup = 802694152B9380BF008BB59D /* Products */;
			projectDirPath = "";
			projectRoot = "";
			targets = (
				802694132B9380BF008BB59D /* WeatherApp */,
				802694292B9380C1008BB59D /* WeatherAppTests */,
				802694332B9380C1008BB59D /* WeatherAppUITests */,
			);
		};
/* End PBXProject section */

/* Begin PBXResourcesBuildPhase section */
		802694122B9380BF008BB59D /* Resources */ = {
			isa = PBXResourcesBuildPhase;
			buildActionMask = 2147483647;
			files = (
				802694242B9380C1008BB59D /* LaunchScreen.storyboard in Resources */,
				802694212B9380C1008BB59D /* Assets.xcassets in Resources */,
				8026948F2B949877008BB59D /* currentWeather.json in Resources */,
			);
			runOnlyForDeploymentPostprocessing = 0;
		};
		802694282B9380C1008BB59D /* Resources */ = {
			isa = PBXResourcesBuildPhase;
			buildActionMask = 2147483647;
			files = (
				802694732B943148008BB59D /* currentWeather.json in Resources */,
			);
			runOnlyForDeploymentPostprocessing = 0;
		};
		802694322B9380C1008BB59D /* Resources */ = {
			isa = PBXResourcesBuildPhase;
			buildActionMask = 2147483647;
			files = (
			);
			runOnlyForDeploymentPostprocessing = 0;
		};
/* End PBXResourcesBuildPhase section */

/* Begin PBXSourcesBuildPhase section */
		802694102B9380BF008BB59D /* Sources */ = {
			isa = PBXSourcesBuildPhase;
			buildActionMask = 2147483647;
			files = (
				8026945A2B939D30008BB59D /* DetailModuleBuilder.swift in Sources */,
				802694182B9380BF008BB59D /* AppDelegate.swift in Sources */,
				8026946E2B940E31008BB59D /* EmptyStateView.swift in Sources */,
				8026946B2B93B548008BB59D /* UIViewController+Extensions.swift in Sources */,
				802694682B93B513008BB59D /* Loader.swift in Sources */,
				802694542B939203008BB59D /* CacheManager.swift in Sources */,
				802694652B93A7D5008BB59D /* CurrentWeatherResponse.swift in Sources */,
				802694602B939DDC008BB59D /* DetailInteractor.swift in Sources */,
				8026945E2B939DD5008BB59D /* DetailPresenter.swift in Sources */,
				802694622B939DE4008BB59D /* DetailRouter.swift in Sources */,
				802694512B939180008BB59D /* NetworkProvider.swift in Sources */,
				8026944F2B93887F008BB59D /* AppConfigurationManager.swift in Sources */,
				8026941A2B9380BF008BB59D /* SceneDelegate.swift in Sources */,
				8026945C2B939DC9008BB59D /* DetailViewController.swift in Sources */,
			);
			runOnlyForDeploymentPostprocessing = 0;
		};
		802694262B9380C1008BB59D /* Sources */ = {
			isa = PBXSourcesBuildPhase;
			buildActionMask = 2147483647;
			files = (
				802694782B948833008BB59D /* DetailModuleBuilderStub.swift in Sources */,
				8026947E2B948CCC008BB59D /* DetailViewMocks.swift in Sources */,
				802694852B94919F008BB59D /* DetailPresenterTests.swift in Sources */,
				802694872B94920A008BB59D /* DetailRouterMocks.swift in Sources */,
				8026947C2B948C3E008BB59D /* DetailPresenterMocks.swift in Sources */,
				802694752B94319A008BB59D /* JSONLoader.swift in Sources */,
				8026947A2B94889D008BB59D /* DetailInteractorMocks.swift in Sources */,
				802694952B94A8A4008BB59D /* DetailViewSnapshotTests.swift in Sources */,
				802694802B948D90008BB59D /* NetworkProviderStub.swift in Sources */,
				802694912B949CD5008BB59D /* DetailInteractorTests.swift in Sources */,
			);
			runOnlyForDeploymentPostprocessing = 0;
		};
		802694302B9380C1008BB59D /* Sources */ = {
			isa = PBXSourcesBuildPhase;
			buildActionMask = 2147483647;
			files = (
				8026948E2B949624008BB59D /* WeatherAppUITests.swift in Sources */,
			);
			runOnlyForDeploymentPostprocessing = 0;
		};
/* End PBXSourcesBuildPhase section */

/* Begin PBXTargetDependency section */
		8026942C2B9380C1008BB59D /* PBXTargetDependency */ = {
			isa = PBXTargetDependency;
			target = 802694132B9380BF008BB59D /* WeatherApp */;
			targetProxy = 8026942B2B9380C1008BB59D /* PBXContainerItemProxy */;
		};
		802694362B9380C1008BB59D /* PBXTargetDependency */ = {
			isa = PBXTargetDependency;
			target = 802694132B9380BF008BB59D /* WeatherApp */;
			targetProxy = 802694352B9380C1008BB59D /* PBXContainerItemProxy */;
		};
/* End PBXTargetDependency section */

/* Begin PBXVariantGroup section */
		802694222B9380C1008BB59D /* LaunchScreen.storyboard */ = {
			isa = PBXVariantGroup;
			children = (
				802694232B9380C1008BB59D /* Base */,
			);
			name = LaunchScreen.storyboard;
			sourceTree = "<group>";
		};
/* End PBXVariantGroup section */

/* Begin XCBuildConfiguration section */
		8026943C2B9380C1008BB59D /* Debug */ = {
			isa = XCBuildConfiguration;
			baseConfigurationReference = 8026944C2B938832008BB59D /* Secrets.xcconfig */;
			buildSettings = {
				ALWAYS_SEARCH_USER_PATHS = NO;
				ASSETCATALOG_COMPILER_GENERATE_SWIFT_ASSET_SYMBOL_EXTENSIONS = YES;
				CLANG_ANALYZER_NONNULL = YES;
				CLANG_ANALYZER_NUMBER_OBJECT_CONVERSION = YES_AGGRESSIVE;
				CLANG_CXX_LANGUAGE_STANDARD = "gnu++20";
				CLANG_ENABLE_MODULES = YES;
				CLANG_ENABLE_OBJC_ARC = YES;
				CLANG_ENABLE_OBJC_WEAK = YES;
				CLANG_WARN_BLOCK_CAPTURE_AUTORELEASING = YES;
				CLANG_WARN_BOOL_CONVERSION = YES;
				CLANG_WARN_COMMA = YES;
				CLANG_WARN_CONSTANT_CONVERSION = YES;
				CLANG_WARN_DEPRECATED_OBJC_IMPLEMENTATIONS = YES;
				CLANG_WARN_DIRECT_OBJC_ISA_USAGE = YES_ERROR;
				CLANG_WARN_DOCUMENTATION_COMMENTS = YES;
				CLANG_WARN_EMPTY_BODY = YES;
				CLANG_WARN_ENUM_CONVERSION = YES;
				CLANG_WARN_INFINITE_RECURSION = YES;
				CLANG_WARN_INT_CONVERSION = YES;
				CLANG_WARN_NON_LITERAL_NULL_CONVERSION = YES;
				CLANG_WARN_OBJC_IMPLICIT_RETAIN_SELF = YES;
				CLANG_WARN_OBJC_LITERAL_CONVERSION = YES;
				CLANG_WARN_OBJC_ROOT_CLASS = YES_ERROR;
				CLANG_WARN_QUOTED_INCLUDE_IN_FRAMEWORK_HEADER = YES;
				CLANG_WARN_RANGE_LOOP_ANALYSIS = YES;
				CLANG_WARN_STRICT_PROTOTYPES = YES;
				CLANG_WARN_SUSPICIOUS_MOVE = YES;
				CLANG_WARN_UNGUARDED_AVAILABILITY = YES_AGGRESSIVE;
				CLANG_WARN_UNREACHABLE_CODE = YES;
				CLANG_WARN__DUPLICATE_METHOD_MATCH = YES;
				COPY_PHASE_STRIP = NO;
				DEBUG_INFORMATION_FORMAT = dwarf;
				ENABLE_STRICT_OBJC_MSGSEND = YES;
				ENABLE_TESTABILITY = YES;
				ENABLE_USER_SCRIPT_SANDBOXING = YES;
				GCC_C_LANGUAGE_STANDARD = gnu17;
				GCC_DYNAMIC_NO_PIC = NO;
				GCC_NO_COMMON_BLOCKS = YES;
				GCC_OPTIMIZATION_LEVEL = 0;
				GCC_PREPROCESSOR_DEFINITIONS = (
					"DEBUG=1",
					"$(inherited)",
				);
				GCC_WARN_64_TO_32_BIT_CONVERSION = YES;
				GCC_WARN_ABOUT_RETURN_TYPE = YES_ERROR;
				GCC_WARN_UNDECLARED_SELECTOR = YES;
				GCC_WARN_UNINITIALIZED_AUTOS = YES_AGGRESSIVE;
				GCC_WARN_UNUSED_FUNCTION = YES;
				GCC_WARN_UNUSED_VARIABLE = YES;
				IPHONEOS_DEPLOYMENT_TARGET = 17.2;
				LOCALIZATION_PREFERS_STRING_CATALOGS = YES;
				MTL_ENABLE_DEBUG_INFO = INCLUDE_SOURCE;
				MTL_FAST_MATH = YES;
				ONLY_ACTIVE_ARCH = YES;
				SDKROOT = iphoneos;
				SWIFT_ACTIVE_COMPILATION_CONDITIONS = "DEBUG $(inherited)";
				SWIFT_OPTIMIZATION_LEVEL = "-Onone";
			};
			name = Debug;
		};
		8026943D2B9380C1008BB59D /* Release */ = {
			isa = XCBuildConfiguration;
			baseConfigurationReference = 8026944C2B938832008BB59D /* Secrets.xcconfig */;
			buildSettings = {
				ALWAYS_SEARCH_USER_PATHS = NO;
				ASSETCATALOG_COMPILER_GENERATE_SWIFT_ASSET_SYMBOL_EXTENSIONS = YES;
				CLANG_ANALYZER_NONNULL = YES;
				CLANG_ANALYZER_NUMBER_OBJECT_CONVERSION = YES_AGGRESSIVE;
				CLANG_CXX_LANGUAGE_STANDARD = "gnu++20";
				CLANG_ENABLE_MODULES = YES;
				CLANG_ENABLE_OBJC_ARC = YES;
				CLANG_ENABLE_OBJC_WEAK = YES;
				CLANG_WARN_BLOCK_CAPTURE_AUTORELEASING = YES;
				CLANG_WARN_BOOL_CONVERSION = YES;
				CLANG_WARN_COMMA = YES;
				CLANG_WARN_CONSTANT_CONVERSION = YES;
				CLANG_WARN_DEPRECATED_OBJC_IMPLEMENTATIONS = YES;
				CLANG_WARN_DIRECT_OBJC_ISA_USAGE = YES_ERROR;
				CLANG_WARN_DOCUMENTATION_COMMENTS = YES;
				CLANG_WARN_EMPTY_BODY = YES;
				CLANG_WARN_ENUM_CONVERSION = YES;
				CLANG_WARN_INFINITE_RECURSION = YES;
				CLANG_WARN_INT_CONVERSION = YES;
				CLANG_WARN_NON_LITERAL_NULL_CONVERSION = YES;
				CLANG_WARN_OBJC_IMPLICIT_RETAIN_SELF = YES;
				CLANG_WARN_OBJC_LITERAL_CONVERSION = YES;
				CLANG_WARN_OBJC_ROOT_CLASS = YES_ERROR;
				CLANG_WARN_QUOTED_INCLUDE_IN_FRAMEWORK_HEADER = YES;
				CLANG_WARN_RANGE_LOOP_ANALYSIS = YES;
				CLANG_WARN_STRICT_PROTOTYPES = YES;
				CLANG_WARN_SUSPICIOUS_MOVE = YES;
				CLANG_WARN_UNGUARDED_AVAILABILITY = YES_AGGRESSIVE;
				CLANG_WARN_UNREACHABLE_CODE = YES;
				CLANG_WARN__DUPLICATE_METHOD_MATCH = YES;
				COPY_PHASE_STRIP = NO;
				DEBUG_INFORMATION_FORMAT = "dwarf-with-dsym";
				ENABLE_NS_ASSERTIONS = NO;
				ENABLE_STRICT_OBJC_MSGSEND = YES;
				ENABLE_USER_SCRIPT_SANDBOXING = YES;
				GCC_C_LANGUAGE_STANDARD = gnu17;
				GCC_NO_COMMON_BLOCKS = YES;
				GCC_WARN_64_TO_32_BIT_CONVERSION = YES;
				GCC_WARN_ABOUT_RETURN_TYPE = YES_ERROR;
				GCC_WARN_UNDECLARED_SELECTOR = YES;
				GCC_WARN_UNINITIALIZED_AUTOS = YES_AGGRESSIVE;
				GCC_WARN_UNUSED_FUNCTION = YES;
				GCC_WARN_UNUSED_VARIABLE = YES;
				IPHONEOS_DEPLOYMENT_TARGET = 17.2;
				LOCALIZATION_PREFERS_STRING_CATALOGS = YES;
				MTL_ENABLE_DEBUG_INFO = NO;
				MTL_FAST_MATH = YES;
				SDKROOT = iphoneos;
				SWIFT_COMPILATION_MODE = wholemodule;
				VALIDATE_PRODUCT = YES;
			};
			name = Release;
		};
		8026943F2B9380C1008BB59D /* Debug */ = {
			isa = XCBuildConfiguration;
			buildSettings = {
				ASSETCATALOG_COMPILER_APPICON_NAME = AppIcon;
				ASSETCATALOG_COMPILER_GLOBAL_ACCENT_COLOR_NAME = AccentColor;
				CODE_SIGN_STYLE = Automatic;
				CURRENT_PROJECT_VERSION = 1;
				DEVELOPMENT_TEAM = JV5TZW38D4;
				GENERATE_INFOPLIST_FILE = YES;
				INFOPLIST_FILE = WeatherApp/Info.plist;
				INFOPLIST_KEY_UIApplicationSupportsIndirectInputEvents = YES;
				INFOPLIST_KEY_UILaunchStoryboardName = LaunchScreen;
				INFOPLIST_KEY_UIMainStoryboardFile = "";
				INFOPLIST_KEY_UISupportedInterfaceOrientations_iPad = "UIInterfaceOrientationPortrait UIInterfaceOrientationPortraitUpsideDown UIInterfaceOrientationLandscapeLeft UIInterfaceOrientationLandscapeRight";
				INFOPLIST_KEY_UISupportedInterfaceOrientations_iPhone = "UIInterfaceOrientationPortrait UIInterfaceOrientationLandscapeLeft UIInterfaceOrientationLandscapeRight";
				LD_RUNPATH_SEARCH_PATHS = (
					"$(inherited)",
					"@executable_path/Frameworks",
				);
				MARKETING_VERSION = 1.0;
				PRODUCT_BUNDLE_IDENTIFIER = "a-a.com.WeatherApp";
				PRODUCT_NAME = "$(TARGET_NAME)";
				SWIFT_EMIT_LOC_STRINGS = YES;
				SWIFT_VERSION = 5.0;
				TARGETED_DEVICE_FAMILY = "1,2";
			};
			name = Debug;
		};
		802694402B9380C1008BB59D /* Release */ = {
			isa = XCBuildConfiguration;
			buildSettings = {
				ASSETCATALOG_COMPILER_APPICON_NAME = AppIcon;
				ASSETCATALOG_COMPILER_GLOBAL_ACCENT_COLOR_NAME = AccentColor;
				CODE_SIGN_STYLE = Automatic;
				CURRENT_PROJECT_VERSION = 1;
				DEVELOPMENT_TEAM = JV5TZW38D4;
				GENERATE_INFOPLIST_FILE = YES;
				INFOPLIST_FILE = WeatherApp/Info.plist;
				INFOPLIST_KEY_UIApplicationSupportsIndirectInputEvents = YES;
				INFOPLIST_KEY_UILaunchStoryboardName = LaunchScreen;
				INFOPLIST_KEY_UIMainStoryboardFile = "";
				INFOPLIST_KEY_UISupportedInterfaceOrientations_iPad = "UIInterfaceOrientationPortrait UIInterfaceOrientationPortraitUpsideDown UIInterfaceOrientationLandscapeLeft UIInterfaceOrientationLandscapeRight";
				INFOPLIST_KEY_UISupportedInterfaceOrientations_iPhone = "UIInterfaceOrientationPortrait UIInterfaceOrientationLandscapeLeft UIInterfaceOrientationLandscapeRight";
				LD_RUNPATH_SEARCH_PATHS = (
					"$(inherited)",
					"@executable_path/Frameworks",
				);
				MARKETING_VERSION = 1.0;
				PRODUCT_BUNDLE_IDENTIFIER = "a-a.com.WeatherApp";
				PRODUCT_NAME = "$(TARGET_NAME)";
				SWIFT_EMIT_LOC_STRINGS = YES;
				SWIFT_VERSION = 5.0;
				TARGETED_DEVICE_FAMILY = "1,2";
			};
			name = Release;
		};
		802694422B9380C1008BB59D /* Debug */ = {
			isa = XCBuildConfiguration;
			buildSettings = {
				ALWAYS_EMBED_SWIFT_STANDARD_LIBRARIES = YES;
				BUNDLE_LOADER = "$(TEST_HOST)";
				CLANG_ENABLE_MODULES = YES;
				CODE_SIGN_STYLE = Automatic;
				CURRENT_PROJECT_VERSION = 1;
				DEVELOPMENT_TEAM = JV5TZW38D4;
				GENERATE_INFOPLIST_FILE = YES;
				IPHONEOS_DEPLOYMENT_TARGET = 17.2;
				MARKETING_VERSION = 1.0;
				PRODUCT_BUNDLE_IDENTIFIER = "a-a.com.WeatherAppTests";
				PRODUCT_NAME = "$(TARGET_NAME)";
				SWIFT_EMIT_LOC_STRINGS = NO;
				SWIFT_OPTIMIZATION_LEVEL = "-Onone";
				SWIFT_VERSION = 5.0;
				TARGETED_DEVICE_FAMILY = "1,2";
				TEST_HOST = "$(BUILT_PRODUCTS_DIR)/WeatherApp.app/$(BUNDLE_EXECUTABLE_FOLDER_PATH)/WeatherApp";
			};
			name = Debug;
		};
		802694432B9380C1008BB59D /* Release */ = {
			isa = XCBuildConfiguration;
			buildSettings = {
				ALWAYS_EMBED_SWIFT_STANDARD_LIBRARIES = YES;
				BUNDLE_LOADER = "$(TEST_HOST)";
				CLANG_ENABLE_MODULES = YES;
				CODE_SIGN_STYLE = Automatic;
				CURRENT_PROJECT_VERSION = 1;
				DEVELOPMENT_TEAM = JV5TZW38D4;
				GENERATE_INFOPLIST_FILE = YES;
				IPHONEOS_DEPLOYMENT_TARGET = 17.2;
				MARKETING_VERSION = 1.0;
				PRODUCT_BUNDLE_IDENTIFIER = "a-a.com.WeatherAppTests";
				PRODUCT_NAME = "$(TARGET_NAME)";
				SWIFT_EMIT_LOC_STRINGS = NO;
				SWIFT_VERSION = 5.0;
				TARGETED_DEVICE_FAMILY = "1,2";
				TEST_HOST = "$(BUILT_PRODUCTS_DIR)/WeatherApp.app/$(BUNDLE_EXECUTABLE_FOLDER_PATH)/WeatherApp";
			};
			name = Release;
		};
		802694452B9380C1008BB59D /* Debug */ = {
			isa = XCBuildConfiguration;
			buildSettings = {
				ALWAYS_EMBED_SWIFT_STANDARD_LIBRARIES = YES;
				CLANG_ENABLE_MODULES = YES;
				CODE_SIGN_STYLE = Automatic;
				CURRENT_PROJECT_VERSION = 1;
				DEVELOPMENT_TEAM = JV5TZW38D4;
				GENERATE_INFOPLIST_FILE = YES;
				MARKETING_VERSION = 1.0;
				PRODUCT_BUNDLE_IDENTIFIER = "a-a.com.WeatherAppUITests";
				PRODUCT_NAME = "$(TARGET_NAME)";
				SWIFT_EMIT_LOC_STRINGS = NO;
				SWIFT_OPTIMIZATION_LEVEL = "-Onone";
				SWIFT_VERSION = 5.0;
				TARGETED_DEVICE_FAMILY = "1,2";
				TEST_TARGET_NAME = WeatherApp;
			};
			name = Debug;
		};
		802694462B9380C1008BB59D /* Release */ = {
			isa = XCBuildConfiguration;
			buildSettings = {
				ALWAYS_EMBED_SWIFT_STANDARD_LIBRARIES = YES;
				CLANG_ENABLE_MODULES = YES;
				CODE_SIGN_STYLE = Automatic;
				CURRENT_PROJECT_VERSION = 1;
				DEVELOPMENT_TEAM = JV5TZW38D4;
				GENERATE_INFOPLIST_FILE = YES;
				MARKETING_VERSION = 1.0;
				PRODUCT_BUNDLE_IDENTIFIER = "a-a.com.WeatherAppUITests";
				PRODUCT_NAME = "$(TARGET_NAME)";
				SWIFT_EMIT_LOC_STRINGS = NO;
				SWIFT_VERSION = 5.0;
				TARGETED_DEVICE_FAMILY = "1,2";
				TEST_TARGET_NAME = WeatherApp;
			};
			name = Release;
		};
/* End XCBuildConfiguration section */

/* Begin XCConfigurationList section */
		8026940F2B9380BF008BB59D /* Build configuration list for PBXProject "WeatherApp" */ = {
			isa = XCConfigurationList;
			buildConfigurations = (
				8026943C2B9380C1008BB59D /* Debug */,
				8026943D2B9380C1008BB59D /* Release */,
			);
			defaultConfigurationIsVisible = 0;
			defaultConfigurationName = Release;
		};
		8026943E2B9380C1008BB59D /* Build configuration list for PBXNativeTarget "WeatherApp" */ = {
			isa = XCConfigurationList;
			buildConfigurations = (
				8026943F2B9380C1008BB59D /* Debug */,
				802694402B9380C1008BB59D /* Release */,
			);
			defaultConfigurationIsVisible = 0;
			defaultConfigurationName = Release;
		};
		802694412B9380C1008BB59D /* Build configuration list for PBXNativeTarget "WeatherAppTests" */ = {
			isa = XCConfigurationList;
			buildConfigurations = (
				802694422B9380C1008BB59D /* Debug */,
				802694432B9380C1008BB59D /* Release */,
			);
			defaultConfigurationIsVisible = 0;
			defaultConfigurationName = Release;
		};
		802694442B9380C1008BB59D /* Build configuration list for PBXNativeTarget "WeatherAppUITests" */ = {
			isa = XCConfigurationList;
			buildConfigurations = (
				802694452B9380C1008BB59D /* Debug */,
				802694462B9380C1008BB59D /* Release */,
			);
			defaultConfigurationIsVisible = 0;
			defaultConfigurationName = Release;
		};
/* End XCConfigurationList section */

/* Begin XCRemoteSwiftPackageReference section */
		802694962B94A959008BB59D /* XCRemoteSwiftPackageReference "swift-snapshot-testing" */ = {
			isa = XCRemoteSwiftPackageReference;
			repositoryURL = "https://github.com/pointfreeco/swift-snapshot-testing";
			requirement = {
				kind = upToNextMajorVersion;
				minimumVersion = 1.15.3;
			};
		};
/* End XCRemoteSwiftPackageReference section */

/* Begin XCSwiftPackageProductDependency section */
		802694972B94A959008BB59D /* InlineSnapshotTesting */ = {
			isa = XCSwiftPackageProductDependency;
			package = 802694962B94A959008BB59D /* XCRemoteSwiftPackageReference "swift-snapshot-testing" */;
			productName = InlineSnapshotTesting;
		};
		802694992B94A959008BB59D /* SnapshotTesting */ = {
			isa = XCSwiftPackageProductDependency;
			package = 802694962B94A959008BB59D /* XCRemoteSwiftPackageReference "swift-snapshot-testing" */;
			productName = SnapshotTesting;
		};
/* End XCSwiftPackageProductDependency section */
	};
	rootObject = 8026940C2B9380BF008BB59D /* Project object */;
}
